
Microsoft Visual Studio Solution File, Format Version 12.00
# Visual Studio 14
VisualStudioVersion = 14.0.25420.1
MinimumVisualStudioVersion = 10.0.40219.1
Project("{FAE04EC0-301F-11D3-BF4B-00C04F79EFBC}") = "Bootcamp4Day1-Encapsulation", "Bootcamp4Day1-Encapsulation\Bootcamp4Day1-Encapsulation.csproj", "{2AAEC2B8-7A82-4AE2-9249-2B9ADE5A0E85}"
EndProject
Project("{FAE04EC0-301F-11D3-BF4B-00C04F79EFBC}") = "Test", "Test\Test.csproj", "{5687C0F7-B0F4-470B-BB1D-1D9D4B0480BF}"
EndProject
Global
	GlobalSection(SolutionConfigurationPlatforms) = preSolution
		Debug|Any CPU = Debug|Any CPU
		Release|Any CPU = Release|Any CPU
	EndGlobalSection
	GlobalSection(ProjectConfigurationPlatforms) = postSolution
		{2AAEC2B8-7A82-4AE2-9249-2B9ADE5A0E85}.Debug|Any CPU.ActiveCfg = Debug|Any CPU
		{2AAEC2B8-7A82-4AE2-9249-2B9ADE5A0E85}.Debug|Any CPU.Build.0 = Debug|Any CPU
		{2AAEC2B8-7A82-4AE2-9249-2B9ADE5A0E85}.Release|Any CPU.ActiveCfg = Release|Any CPU
		{2AAEC2B8-7A82-4AE2-9249-2B9ADE5A0E85}.Release|Any CPU.Build.0 = Release|Any CPU
		{5687C0F7-B0F4-470B-BB1D-1D9D4B0480BF}.Debug|Any CPU.ActiveCfg = Debug|Any CPU
		{5687C0F7-B0F4-470B-BB1D-1D9D4B0480BF}.Debug|Any CPU.Build.0 = Debug|Any CPU
		{5687C0F7-B0F4-470B-BB1D-1D9D4B0480BF}.Release|Any CPU.ActiveCfg = Release|Any CPU
		{5687C0F7-B0F4-470B-BB1D-1D9D4B0480BF}.Release|Any CPU.Build.0 = Release|Any CPU
	EndGlobalSection
	GlobalSection(SolutionProperties) = preSolution
		HideSolutionNode = FALSE
	EndGlobalSection
EndGlobal
